
Microsoft Visual Studio Solution File, Format Version 12.00
# Visual Studio 15
VisualStudioVersion = 15.0.28307.757
MinimumVisualStudioVersion = 10.0.40219.1
Project("{2150E333-8FDC-42A3-9474-1A3956D46DE8}") = "Services", "Services", "{B36E91B2-3FE2-4B04-AFA4-5D44BA607A36}"
EndProject
Project("{2150E333-8FDC-42A3-9474-1A3956D46DE8}") = "WebApps", "WebApps", "{0B1E4FD2-AE2B-4382-A3BD-30656BB79FD7}"
EndProject
Project("{2150E333-8FDC-42A3-9474-1A3956D46DE8}") = "Cadastros", "Cadastros", "{40CB6E79-C35B-4AE1-8919-A65DFA04F61E}"
EndProject
Project("{2150E333-8FDC-42A3-9474-1A3956D46DE8}") = "Catalogo", "Catalogo", "{CD110E84-9757-4C66-86CD-C579BD582F8E}"
EndProject
Project("{2150E333-8FDC-42A3-9474-1A3956D46DE8}") = "Core", "Core", "{0AAE49F7-52DC-4132-A0A9-39C1FD6A281C}"
EndProject
Project("{2150E333-8FDC-42A3-9474-1A3956D46DE8}") = "Fiscal", "Fiscal", "{A902D1E5-B1E2-4833-9223-3093F14F4B1B}"
EndProject
Project("{2150E333-8FDC-42A3-9474-1A3956D46DE8}") = "Pagamentos", "Pagamentos", "{AACD68F8-EF68-4A51-ABEF-E60B8B9BE061}"
EndProject
Project("{2150E333-8FDC-42A3-9474-1A3956D46DE8}") = "Vendas", "Vendas", "{5B25F060-BE40-4F40-91E2-08377AFBB279}"
EndProject
Project("{9A19103F-16F7-4668-BE54-9A1E7A4F7556}") = "NerdStore.Catalogo.Domain", "src\NerdStore.Catalogo.Domain\NerdStore.Catalogo.Domain.csproj", "{58C9890D-116E-47CE-8AA7-B34467AB464D}"
EndProject
Project("{9A19103F-16F7-4668-BE54-9A1E7A4F7556}") = "NerdStore.Core", "src\NerdStore.Core\NerdStore.Core.csproj", "{56BF70AD-4F15-4668-A65F-3049D79FB97A}"
EndProject
Project("{2150E333-8FDC-42A3-9474-1A3956D46DE8}") = "Tests", "Tests", "{ACAFC3DB-3A76-4D05-9A7C-604C1D08D81A}"
EndProject
Project("{9A19103F-16F7-4668-BE54-9A1E7A4F7556}") = "NerdStore.Catalogo.Domain.Tests", "tests\NerdStore.Catalogo.Domain.Tests\NerdStore.Catalogo.Domain.Tests.csproj", "{35B0EBC9-1253-4DC4-A4BC-6F0CCA07844E}"
EndProject
Project("{9A19103F-16F7-4668-BE54-9A1E7A4F7556}") = "NerdStore.Catalogo.Data", "src\NerdStore.Catalogo.Data\NerdStore.Catalogo.Data.csproj", "{8C70274B-7B54-4A92-8962-7430E3B5E0D9}"
EndProject
Project("{9A19103F-16F7-4668-BE54-9A1E7A4F7556}") = "NerdStore.Catalogo.Application", "src\NerdStore.Catalogo.Application\NerdStore.Catalogo.Application.csproj", "{78B2BBFC-A0F3-4FA8-81A9-198511907CA0}"
EndProject
Project("{9A19103F-16F7-4668-BE54-9A1E7A4F7556}") = "NerdStore.WebApp.MVC", "src\NerdStore.WebApp.MVC\NerdStore.WebApp.MVC.csproj", "{1E10C110-9CCA-4F9E-89AC-F1F2EB503B06}"
EndProject
Project("{9A19103F-16F7-4668-BE54-9A1E7A4F7556}") = "NerdStore.Vendas.Domain", "src\NerdStore.Vendas.Domain\NerdStore.Vendas.Domain.csproj", "{963AA815-C947-4444-810F-E62032F10B30}"
EndProject
Project("{9A19103F-16F7-4668-BE54-9A1E7A4F7556}") = "NerdStore.Vendas.Data", "src\NerdStore.Vendas.Data\NerdStore.Vendas.Data.csproj", "{C473F1BE-F9E2-4B33-B948-1959194842A1}"
EndProject
Project("{9A19103F-16F7-4668-BE54-9A1E7A4F7556}") = "NerdStore.Vendas.Application", "src\NerdStore.Vendas.Application\NerdStore.Vendas.Application.csproj", "{69BAD5F6-EF9B-4718-8F47-7BE5CAC0EAC9}"
EndProject
Project("{9A19103F-16F7-4668-BE54-9A1E7A4F7556}") = "NerdStore.Pagamentos.AntiCorruption", "src\NerdStore.Pagamentos.AntiCorruption\NerdStore.Pagamentos.AntiCorruption.csproj", "{D6304528-B2C8-4B2E-99B8-CB0FEFD2575B}"
EndProject
Project("{9A19103F-16F7-4668-BE54-9A1E7A4F7556}") = "NerdStore.Pagamentos.Business", "src\NerdStore.Pagamentos.Business\NerdStore.Pagamentos.Business.csproj", "{5D26C3AC-9133-4A24-ABDF-8FBEBD81B501}"
EndProject
Project("{9A19103F-16F7-4668-BE54-9A1E7A4F7556}") = "NerdStore.Pagamentos.Data", "src\NerdStore.Pagamentos.Data\NerdStore.Pagamentos.Data.csproj", "{4B2010EA-B56E-4BFD-B8C3-8C95A6C67BE2}"
EndProject
Project("{2150E333-8FDC-42A3-9474-1A3956D46DE8}") = "BuildingBlocks", "BuildingBlocks", "{4DD7A0A9-4E29-40B4-875D-78B8F27C1D67}"
EndProject
Project("{FAE04EC0-301F-11D3-BF4B-00C04F79EFBC}") = "EventSourcing", "src\EventSourcing\EventSourcing.csproj", "{B7AB2AF5-ED18-46FA-B7F5-524B04A8CBC7}"
EndProject
Global
	GlobalSection(SolutionConfigurationPlatforms) = preSolution
		Debug|Any CPU = Debug|Any CPU
		Release|Any CPU = Release|Any CPU
	EndGlobalSection
	GlobalSection(ProjectConfigurationPlatforms) = postSolution
		{58C9890D-116E-47CE-8AA7-B34467AB464D}.Debug|Any CPU.ActiveCfg = Debug|Any CPU
		{58C9890D-116E-47CE-8AA7-B34467AB464D}.Debug|Any CPU.Build.0 = Debug|Any CPU
		{58C9890D-116E-47CE-8AA7-B34467AB464D}.Release|Any CPU.ActiveCfg = Release|Any CPU
		{58C9890D-116E-47CE-8AA7-B34467AB464D}.Release|Any CPU.Build.0 = Release|Any CPU
		{56BF70AD-4F15-4668-A65F-3049D79FB97A}.Debug|Any CPU.ActiveCfg = Debug|Any CPU
		{56BF70AD-4F15-4668-A65F-3049D79FB97A}.Debug|Any CPU.Build.0 = Debug|Any CPU
		{56BF70AD-4F15-4668-A65F-3049D79FB97A}.Release|Any CPU.ActiveCfg = Release|Any CPU
		{56BF70AD-4F15-4668-A65F-3049D79FB97A}.Release|Any CPU.Build.0 = Release|Any CPU
		{35B0EBC9-1253-4DC4-A4BC-6F0CCA07844E}.Debug|Any CPU.ActiveCfg = Debug|Any CPU
		{35B0EBC9-1253-4DC4-A4BC-6F0CCA07844E}.Debug|Any CPU.Build.0 = Debug|Any CPU
		{35B0EBC9-1253-4DC4-A4BC-6F0CCA07844E}.Release|Any CPU.ActiveCfg = Release|Any CPU
		{35B0EBC9-1253-4DC4-A4BC-6F0CCA07844E}.Release|Any CPU.Build.0 = Release|Any CPU
		{8C70274B-7B54-4A92-8962-7430E3B5E0D9}.Debug|Any CPU.ActiveCfg = Debug|Any CPU
		{8C70274B-7B54-4A92-8962-7430E3B5E0D9}.Debug|Any CPU.Build.0 = Debug|Any CPU
		{8C70274B-7B54-4A92-8962-7430E3B5E0D9}.Release|Any CPU.ActiveCfg = Release|Any CPU
		{8C70274B-7B54-4A92-8962-7430E3B5E0D9}.Release|Any CPU.Build.0 = Release|Any CPU
		{78B2BBFC-A0F3-4FA8-81A9-198511907CA0}.Debug|Any CPU.ActiveCfg = Debug|Any CPU
		{78B2BBFC-A0F3-4FA8-81A9-198511907CA0}.Debug|Any CPU.Build.0 = Debug|Any CPU
		{78B2BBFC-A0F3-4FA8-81A9-198511907CA0}.Release|Any CPU.ActiveCfg = Release|Any CPU
		{78B2BBFC-A0F3-4FA8-81A9-198511907CA0}.Release|Any CPU.Build.0 = Release|Any CPU
		{1E10C110-9CCA-4F9E-89AC-F1F2EB503B06}.Debug|Any CPU.ActiveCfg = Debug|Any CPU
		{1E10C110-9CCA-4F9E-89AC-F1F2EB503B06}.Debug|Any CPU.Build.0 = Debug|Any CPU
		{1E10C110-9CCA-4F9E-89AC-F1F2EB503B06}.Release|Any CPU.ActiveCfg = Release|Any CPU
		{1E10C110-9CCA-4F9E-89AC-F1F2EB503B06}.Release|Any CPU.Build.0 = Release|Any CPU
		{963AA815-C947-4444-810F-E62032F10B30}.Debug|Any CPU.ActiveCfg = Debug|Any CPU
		{963AA815-C947-4444-810F-E62032F10B30}.Debug|Any CPU.Build.0 = Debug|Any CPU
		{963AA815-C947-4444-810F-E62032F10B30}.Release|Any CPU.ActiveCfg = Release|Any CPU
		{963AA815-C947-4444-810F-E62032F10B30}.Release|Any CPU.Build.0 = Release|Any CPU
		{C473F1BE-F9E2-4B33-B948-1959194842A1}.Debug|Any CPU.ActiveCfg = Debug|Any CPU
		{C473F1BE-F9E2-4B33-B948-1959194842A1}.Debug|Any CPU.Build.0 = Debug|Any CPU
		{C473F1BE-F9E2-4B33-B948-1959194842A1}.Release|Any CPU.ActiveCfg = Release|Any CPU
		{C473F1BE-F9E2-4B33-B948-1959194842A1}.Release|Any CPU.Build.0 = Release|Any CPU
		{69BAD5F6-EF9B-4718-8F47-7BE5CAC0EAC9}.Debug|Any CPU.ActiveCfg = Debug|Any CPU
		{69BAD5F6-EF9B-4718-8F47-7BE5CAC0EAC9}.Debug|Any CPU.Build.0 = Debug|Any CPU
		{69BAD5F6-EF9B-4718-8F47-7BE5CAC0EAC9}.Release|Any CPU.ActiveCfg = Release|Any CPU
		{69BAD5F6-EF9B-4718-8F47-7BE5CAC0EAC9}.Release|Any CPU.Build.0 = Release|Any CPU
		{D6304528-B2C8-4B2E-99B8-CB0FEFD2575B}.Debug|Any CPU.ActiveCfg = Debug|Any CPU
		{D6304528-B2C8-4B2E-99B8-CB0FEFD2575B}.Debug|Any CPU.Build.0 = Debug|Any CPU
		{D6304528-B2C8-4B2E-99B8-CB0FEFD2575B}.Release|Any CPU.ActiveCfg = Release|Any CPU
		{D6304528-B2C8-4B2E-99B8-CB0FEFD2575B}.Release|Any CPU.Build.0 = Release|Any CPU
		{5D26C3AC-9133-4A24-ABDF-8FBEBD81B501}.Debug|Any CPU.ActiveCfg = Debug|Any CPU
		{5D26C3AC-9133-4A24-ABDF-8FBEBD81B501}.Debug|Any CPU.Build.0 = Debug|Any CPU
		{5D26C3AC-9133-4A24-ABDF-8FBEBD81B501}.Release|Any CPU.ActiveCfg = Release|Any CPU
		{5D26C3AC-9133-4A24-ABDF-8FBEBD81B501}.Release|Any CPU.Build.0 = Release|Any CPU
		{4B2010EA-B56E-4BFD-B8C3-8C95A6C67BE2}.Debug|Any CPU.ActiveCfg = Debug|Any CPU
		{4B2010EA-B56E-4BFD-B8C3-8C95A6C67BE2}.Debug|Any CPU.Build.0 = Debug|Any CPU
		{4B2010EA-B56E-4BFD-B8C3-8C95A6C67BE2}.Release|Any CPU.ActiveCfg = Release|Any CPU
		{4B2010EA-B56E-4BFD-B8C3-8C95A6C67BE2}.Release|Any CPU.Build.0 = Release|Any CPU
		{B7AB2AF5-ED18-46FA-B7F5-524B04A8CBC7}.Debug|Any CPU.ActiveCfg = Debug|Any CPU
		{B7AB2AF5-ED18-46FA-B7F5-524B04A8CBC7}.Debug|Any CPU.Build.0 = Debug|Any CPU
		{B7AB2AF5-ED18-46FA-B7F5-524B04A8CBC7}.Release|Any CPU.ActiveCfg = Release|Any CPU
		{B7AB2AF5-ED18-46FA-B7F5-524B04A8CBC7}.Release|Any CPU.Build.0 = Release|Any CPU
	EndGlobalSection
	GlobalSection(SolutionProperties) = preSolution
		HideSolutionNode = FALSE
	EndGlobalSection
	GlobalSection(NestedProjects) = preSolution
		{40CB6E79-C35B-4AE1-8919-A65DFA04F61E} = {B36E91B2-3FE2-4B04-AFA4-5D44BA607A36}
		{CD110E84-9757-4C66-86CD-C579BD582F8E} = {B36E91B2-3FE2-4B04-AFA4-5D44BA607A36}
		{0AAE49F7-52DC-4132-A0A9-39C1FD6A281C} = {B36E91B2-3FE2-4B04-AFA4-5D44BA607A36}
		{A902D1E5-B1E2-4833-9223-3093F14F4B1B} = {B36E91B2-3FE2-4B04-AFA4-5D44BA607A36}
		{AACD68F8-EF68-4A51-ABEF-E60B8B9BE061} = {B36E91B2-3FE2-4B04-AFA4-5D44BA607A36}
		{5B25F060-BE40-4F40-91E2-08377AFBB279} = {B36E91B2-3FE2-4B04-AFA4-5D44BA607A36}
		{58C9890D-116E-47CE-8AA7-B34467AB464D} = {CD110E84-9757-4C66-86CD-C579BD582F8E}
		{56BF70AD-4F15-4668-A65F-3049D79FB97A} = {0AAE49F7-52DC-4132-A0A9-39C1FD6A281C}
		{ACAFC3DB-3A76-4D05-9A7C-604C1D08D81A} = {CD110E84-9757-4C66-86CD-C579BD582F8E}
		{35B0EBC9-1253-4DC4-A4BC-6F0CCA07844E} = {ACAFC3DB-3A76-4D05-9A7C-604C1D08D81A}
		{8C70274B-7B54-4A92-8962-7430E3B5E0D9} = {CD110E84-9757-4C66-86CD-C579BD582F8E}
		{78B2BBFC-A0F3-4FA8-81A9-198511907CA0} = {CD110E84-9757-4C66-86CD-C579BD582F8E}
		{1E10C110-9CCA-4F9E-89AC-F1F2EB503B06} = {0B1E4FD2-AE2B-4382-A3BD-30656BB79FD7}
		{963AA815-C947-4444-810F-E62032F10B30} = {5B25F060-BE40-4F40-91E2-08377AFBB279}
		{C473F1BE-F9E2-4B33-B948-1959194842A1} = {5B25F060-BE40-4F40-91E2-08377AFBB279}
		{69BAD5F6-EF9B-4718-8F47-7BE5CAC0EAC9} = {5B25F060-BE40-4F40-91E2-08377AFBB279}
		{D6304528-B2C8-4B2E-99B8-CB0FEFD2575B} = {AACD68F8-EF68-4A51-ABEF-E60B8B9BE061}
		{5D26C3AC-9133-4A24-ABDF-8FBEBD81B501} = {AACD68F8-EF68-4A51-ABEF-E60B8B9BE061}
		{4B2010EA-B56E-4BFD-B8C3-8C95A6C67BE2} = {AACD68F8-EF68-4A51-ABEF-E60B8B9BE061}
		{B7AB2AF5-ED18-46FA-B7F5-524B04A8CBC7} = {4DD7A0A9-4E29-40B4-875D-78B8F27C1D67}
	EndGlobalSection
	GlobalSection(ExtensibilityGlobals) = postSolution
		SolutionGuid = {ED9F3053-F3F7-4FF4-80B9-6EF97836D53C}
	EndGlobalSection
EndGlobal
